{
  "originHash" : "122ea86bea3811350ea16ea7e11361cda978962b5d25a5a5380c91c817c3ca4b",
  "pins" : [
    {
      "identity" : "swift-cmark",
      "kind" : "remoteSourceControl",
      "location" : "https://github.com/swiftlang/swift-cmark.git",
      "state" : {
        "revision" : "08ddb528923cc1a6527e02b7a1aee9e516ca749a",
        "version" : "0.9.0"
      }
    },
    {
      "identity" : "swift-markdown",
      "kind" : "remoteSourceControl",
      "location" : "https://github.com/swiftlang/swift-markdown.git",
      "state" : {
        "revision" : "ea79e83c8744d2b50b0dc2d5bbd1e857e1253bf9",
        "version" : "0.6.0"
      }
    }
  ],
  "version" : 3
}
